
Microsoft Visual Studio Solution File, Format Version 12.00
# Visual Studio Version 17
VisualStudioVersion = 17.6.33723.286
MinimumVisualStudioVersion = 10.0.40219.1
Project("{FAE04EC0-301F-11D3-BF4B-00C04F79EFBC}") = "!TelegramBotGodOfPics", "!TelegramBotGodOfPics\!TelegramBotGodOfPics.csproj", "{E477397F-818B-4100-89A5-7C3BA7B5B257}"
EndProject
Global
	GlobalSection(SolutionConfigurationPlatforms) = preSolution
		Debug|Any CPU = Debug|Any CPU
		Release|Any CPU = Release|Any CPU
	EndGlobalSection
	GlobalSection(ProjectConfigurationPlatforms) = postSolution
		{E477397F-818B-4100-89A5-7C3BA7B5B257}.Debug|Any CPU.ActiveCfg = Debug|Any CPU
		{E477397F-818B-4100-89A5-7C3BA7B5B257}.Debug|Any CPU.Build.0 = Debug|Any CPU
		{E477397F-818B-4100-89A5-7C3BA7B5B257}.Release|Any CPU.ActiveCfg = Release|Any CPU
		{E477397F-818B-4100-89A5-7C3BA7B5B257}.Release|Any CPU.Build.0 = Release|Any CPU
	EndGlobalSection
	GlobalSection(SolutionProperties) = preSolution
		HideSolutionNode = FALSE
	EndGlobalSection
	GlobalSection(ExtensibilityGlobals) = postSolution
		SolutionGuid = {A4319D36-68F3-4DB4-8F55-B846A6DCD250}
	EndGlobalSection
EndGlobal
